
Microsoft Visual Studio Solution File, Format Version 12.00
# Visual Studio 15
VisualStudioVersion = 15.0.28010.2003
MinimumVisualStudioVersion = 10.0.40219.1
Project("{FAE04EC0-301F-11D3-BF4B-00C04F79EFBC}") = "BasicFormAug29", "BasicFormAug29\BasicFormAug29.csproj", "{E1EC215E-666D-4719-A72F-5F1EEA75CF29}"
EndProject
Global
	GlobalSection(SolutionConfigurationPlatforms) = preSolution
		Debug|Any CPU = Debug|Any CPU
		Release|Any CPU = Release|Any CPU
	EndGlobalSection
	GlobalSection(ProjectConfigurationPlatforms) = postSolution
		{E1EC215E-666D-4719-A72F-5F1EEA75CF29}.Debug|Any CPU.ActiveCfg = Debug|Any CPU
		{E1EC215E-666D-4719-A72F-5F1EEA75CF29}.Debug|Any CPU.Build.0 = Debug|Any CPU
		{E1EC215E-666D-4719-A72F-5F1EEA75CF29}.Release|Any CPU.ActiveCfg = Release|Any CPU
		{E1EC215E-666D-4719-A72F-5F1EEA75CF29}.Release|Any CPU.Build.0 = Release|Any CPU
	EndGlobalSection
	GlobalSection(SolutionProperties) = preSolution
		HideSolutionNode = FALSE
	EndGlobalSection
	GlobalSection(ExtensibilityGlobals) = postSolution
		SolutionGuid = {2F137667-99AE-462A-AA1C-812F12F60F96}
	EndGlobalSection
EndGlobal
